// !$*UTF8*$!
{
	archiveVersion = 1;
	classes = {
	};
	objectVersion = 55;
	objects = {

/* Begin PBXBuildFile section */
		EA0FE70D278DD1C200A67ACB /* VCRecuperar.swift in Sources */ = {isa = PBXBuildFile; fileRef = EA0FE70C278DD1C200A67ACB /* VCRecuperar.swift */; };
		EA5B2C8E278CAE1300BE1A9B /* AppDelegate.swift in Sources */ = {isa = PBXBuildFile; fileRef = EA5B2C8D278CAE1300BE1A9B /* AppDelegate.swift */; };
		EA5B2C90278CAE1300BE1A9B /* SceneDelegate.swift in Sources */ = {isa = PBXBuildFile; fileRef = EA5B2C8F278CAE1300BE1A9B /* SceneDelegate.swift */; };
		EA5B2C92278CAE1300BE1A9B /* ViewControllerLogin.swift in Sources */ = {isa = PBXBuildFile; fileRef = EA5B2C91278CAE1300BE1A9B /* ViewControllerLogin.swift */; };
		EA5B2C95278CAE1300BE1A9B /* Main.storyboard in Resources */ = {isa = PBXBuildFile; fileRef = EA5B2C93278CAE1300BE1A9B /* Main.storyboard */; };
		EA5B2C97278CAE1500BE1A9B /* Assets.xcassets in Resources */ = {isa = PBXBuildFile; fileRef = EA5B2C96278CAE1500BE1A9B /* Assets.xcassets */; };
		EA5B2C9A278CAE1500BE1A9B /* LaunchScreen.storyboard in Resources */ = {isa = PBXBuildFile; fileRef = EA5B2C98278CAE1500BE1A9B /* LaunchScreen.storyboard */; };
		EA5B2CA2278CB25500BE1A9B /* VCRegistro.swift in Sources */ = {isa = PBXBuildFile; fileRef = EA5B2CA1278CB25500BE1A9B /* VCRegistro.swift */; };
		EA73367327907D6600BADCA5 /* VCMenu.swift in Sources */ = {isa = PBXBuildFile; fileRef = EA73367227907D6600BADCA5 /* VCMenu.swift */; };
		EA9892C9278F3B41004C5F14 /* Usuario.swift in Sources */ = {isa = PBXBuildFile; fileRef = EA0FE70E278DF43300A67ACB /* Usuario.swift */; };
/* End PBXBuildFile section */

/* Begin PBXFileReference section */
		EA0FE70C278DD1C200A67ACB /* VCRecuperar.swift */ = {isa = PBXFileReference; lastKnownFileType = sourcecode.swift; path = VCRecuperar.swift; sourceTree = "<group>"; };
		EA0FE70E278DF43300A67ACB /* Usuario.swift */ = {isa = PBXFileReference; lastKnownFileType = sourcecode.swift; path = Usuario.swift; sourceTree = SOURCE_ROOT; };
		EA5B2C8A278CAE1300BE1A9B /* Practica 1.app */ = {isa = PBXFileReference; explicitFileType = wrapper.application; includeInIndex = 0; path = "Practica 1.app"; sourceTree = BUILT_PRODUCTS_DIR; };
		EA5B2C8D278CAE1300BE1A9B /* AppDelegate.swift */ = {isa = PBXFileReference; lastKnownFileType = sourcecode.swift; path = AppDelegate.swift; sourceTree = "<group>"; };
		EA5B2C8F278CAE1300BE1A9B /* SceneDelegate.swift */ = {isa = PBXFileReference; lastKnownFileType = sourcecode.swift; path = SceneDelegate.swift; sourceTree = "<group>"; };
		EA5B2C91278CAE1300BE1A9B /* ViewControllerLogin.swift */ = {isa = PBXFileReference; lastKnownFileType = sourcecode.swift; path = ViewControllerLogin.swift; sourceTree = "<group>"; };
		EA5B2C94278CAE1300BE1A9B /* Base */ = {isa = PBXFileReference; lastKnownFileType = file.storyboard; name = Base; path = Base.lproj/Main.storyboard; sourceTree = "<group>"; };
		EA5B2C96278CAE1500BE1A9B /* Assets.xcassets */ = {isa = PBXFileReference; lastKnownFileType = folder.assetcatalog; path = Assets.xcassets; sourceTree = "<group>"; };
		EA5B2C99278CAE1500BE1A9B /* Base */ = {isa = PBXFileReference; lastKnownFileType = file.storyboard; name = Base; path = Base.lproj/LaunchScreen.storyboard; sourceTree = "<group>"; };
		EA5B2C9B278CAE1500BE1A9B /* Info.plist */ = {isa = PBXFileReference; lastKnownFileType = text.plist.xml; path = Info.plist; sourceTree = "<group>"; };
		EA5B2CA1278CB25500BE1A9B /* VCRegistro.swift */ = {isa = PBXFileReference; lastKnownFileType = sourcecode.swift; path = VCRegistro.swift; sourceTree = "<group>"; };
		EA73367227907D6600BADCA5 /* VCMenu.swift */ = {isa = PBXFileReference; lastKnownFileType = sourcecode.swift; path = VCMenu.swift; sourceTree = "<group>"; };
/* End PBXFileReference section */

/* Begin PBXFrameworksBuildPhase section */
		EA5B2C87278CAE1300BE1A9B /* Frameworks */ = {
			isa = PBXFrameworksBuildPhase;
			buildActionMask = 2147483647;
			files = (
			);
			runOnlyForDeploymentPostprocessing = 0;
		};
/* End PBXFrameworksBuildPhase section */

/* Begin PBXGroup section */
		EA5B2C81278CAE1300BE1A9B = {
			isa = PBXGroup;
			children = (
				EA5B2C8C278CAE1300BE1A9B /* Practica 1 */,
				EA5B2C8B278CAE1300BE1A9B /* Products */,
			);
			sourceTree = "<group>";
		};
		EA5B2C8B278CAE1300BE1A9B /* Products */ = {
			isa = PBXGroup;
			children = (
				EA5B2C8A278CAE1300BE1A9B /* Practica 1.app */,
			);
			name = Products;
			sourceTree = "<group>";
		};
		EA5B2C8C278CAE1300BE1A9B /* Practica 1 */ = {
			isa = PBXGroup;
			children = (
				EA5B2C8D278CAE1300BE1A9B /* AppDelegate.swift */,
				EA5B2C8F278CAE1300BE1A9B /* SceneDelegate.swift */,
				EA5B2C91278CAE1300BE1A9B /* ViewControllerLogin.swift */,
				EA5B2C93278CAE1300BE1A9B /* Main.storyboard */,
				EA73367227907D6600BADCA5 /* VCMenu.swift */,
				EA0FE70C278DD1C200A67ACB /* VCRecuperar.swift */,
				EA5B2CA1278CB25500BE1A9B /* VCRegistro.swift */,
				EA5B2C96278CAE1500BE1A9B /* Assets.xcassets */,
				EA5B2C98278CAE1500BE1A9B /* LaunchScreen.storyboard */,
				EA5B2C9B278CAE1500BE1A9B /* Info.plist */,
				EA0FE70E278DF43300A67ACB /* Usuario.swift */,
			);
			path = "Practica 1";
			sourceTree = "<group>";
		};
/* End PBXGroup section */

/* Begin PBXNativeTarget section */
		EA5B2C89278CAE1300BE1A9B /* Practica 1 */ = {
			isa = PBXNativeTarget;
			buildConfigurationList = EA5B2C9E278CAE1500BE1A9B /* Build configuration list for PBXNativeTarget "Practica 1" */;
			buildPhases = (
				EA5B2C86278CAE1300BE1A9B /* Sources */,
				EA5B2C87278CAE1300BE1A9B /* Frameworks */,
				EA5B2C88278CAE1300BE1A9B /* Resources */,
			);
			buildRules = (
			);
			dependencies = (
			);
			name = "Practica 1";
			productName = "Practica 1";
			productReference = EA5B2C8A278CAE1300BE1A9B /* Practica 1.app */;
			productType = "com.apple.product-type.application";
		};
/* End PBXNativeTarget section */

/* Begin PBXProject section */
		EA5B2C82278CAE1300BE1A9B /* Project object */ = {
			isa = PBXProject;
			attributes = {
				BuildIndependentTargetsInParallel = 1;
				LastSwiftUpdateCheck = 1320;
				LastUpgradeCheck = 1320;
				TargetAttributes = {
					EA5B2C89278CAE1300BE1A9B = {
						CreatedOnToolsVersion = 13.2.1;
					};
				};
			};
			buildConfigurationList = EA5B2C85278CAE1300BE1A9B /* Build configuration list for PBXProject "Practica 1" */;
			compatibilityVersion = "Xcode 13.0";
			developmentRegion = en;
			hasScannedForEncodings = 0;
			knownRegions = (
				en,
				Base,
			);
			mainGroup = EA5B2C81278CAE1300BE1A9B;
			productRefGroup = EA5B2C8B278CAE1300BE1A9B /* Products */;
			projectDirPath = "";
			projectRoot = "";
			targets = (
				EA5B2C89278CAE1300BE1A9B /* Practica 1 */,
			);
		};
/* End PBXProject section */

/* Begin PBXResourcesBuildPhase section */
		EA5B2C88278CAE1300BE1A9B /* Resources */ = {
			isa = PBXResourcesBuildPhase;
			buildActionMask = 2147483647;
			files = (
				EA5B2C9A278CAE1500BE1A9B /* LaunchScreen.storyboard in Resources */,
				EA5B2C97278CAE1500BE1A9B /* Assets.xcassets in Resources */,
				EA5B2C95278CAE1300BE1A9B /* Main.storyboard in Resources */,
			);
			runOnlyForDeploymentPostprocessing = 0;
		};
/* End PBXResourcesBuildPhase section */

/* Begin PBXSourcesBuildPhase section */
		EA5B2C86278CAE1300BE1A9B /* Sources */ = {
			isa = PBXSourcesBuildPhase;
			buildActionMask = 2147483647;
			files = (
				EA5B2C92278CAE1300BE1A9B /* ViewControllerLogin.swift in Sources */,
				EA73367327907D6600BADCA5 /* VCMenu.swift in Sources */,
				EA5B2C8E278CAE1300BE1A9B /* AppDelegate.swift in Sources */,
				EA9892C9278F3B41004C5F14 /* Usuario.swift in Sources */,
				EA0FE70D278DD1C200A67ACB /* VCRecuperar.swift in Sources */,
				EA5B2C90278CAE1300BE1A9B /* SceneDelegate.swift in Sources */,
				EA5B2CA2278CB25500BE1A9B /* VCRegistro.swift in Sources */,
			);
			runOnlyForDeploymentPostprocessing = 0;
		};
/* End PBXSourcesBuildPhase section */

/* Begin PBXVariantGroup section */
		EA5B2C93278CAE1300BE1A9B /* Main.storyboard */ = {
			isa = PBXVariantGroup;
			children = (
				EA5B2C94278CAE1300BE1A9B /* Base */,
			);
			name = Main.storyboard;
			sourceTree = "<group>";
		};
		EA5B2C98278CAE1500BE1A9B /* LaunchScreen.storyboard */ = {
			isa = PBXVariantGroup;
			children = (
				EA5B2C99278CAE1500BE1A9B /* Base */,
			);
			name = LaunchScreen.storyboard;
			sourceTree = "<group>";
		};
/* End PBXVariantGroup section */

/* Begin XCBuildConfiguration section */
		EA5B2C9C278CAE1500BE1A9B /* Debug */ = {
			isa = XCBuildConfiguration;
			buildSettings = {
				ALWAYS_SEARCH_USER_PATHS = NO;
				CLANG_ANALYZER_NONNULL = YES;
				CLANG_ANALYZER_NUMBER_OBJECT_CONVERSION = YES_AGGRESSIVE;
				CLANG_CXX_LANGUAGE_STANDARD = "gnu++17";
				CLANG_CXX_LIBRARY = "libc++";
				CLANG_ENABLE_MODULES = YES;
				CLANG_ENABLE_OBJC_ARC = YES;
				CLANG_ENABLE_OBJC_WEAK = YES;
				CLANG_WARN_BLOCK_CAPTURE_AUTORELEASING = YES;
				CLANG_WARN_BOOL_CONVERSION = YES;
				CLANG_WARN_COMMA = YES;
				CLANG_WARN_CONSTANT_CONVERSION = YES;
				CLANG_WARN_DEPRECATED_OBJC_IMPLEMENTATIONS = YES;
				CLANG_WARN_DIRECT_OBJC_ISA_USAGE = YES_ERROR;
				CLANG_WARN_DOCUMENTATION_COMMENTS = YES;
				CLANG_WARN_EMPTY_BODY = YES;
				CLANG_WARN_ENUM_CONVERSION = YES;
				CLANG_WARN_INFINITE_RECURSION = YES;
				CLANG_WARN_INT_CONVERSION = YES;
				CLANG_WARN_NON_LITERAL_NULL_CONVERSION = YES;
				CLANG_WARN_OBJC_IMPLICIT_RETAIN_SELF = YES;
				CLANG_WARN_OBJC_LITERAL_CONVERSION = YES;
				CLANG_WARN_OBJC_ROOT_CLASS = YES_ERROR;
				CLANG_WARN_QUOTED_INCLUDE_IN_FRAMEWORK_HEADER = YES;
				CLANG_WARN_RANGE_LOOP_ANALYSIS = YES;
				CLANG_WARN_STRICT_PROTOTYPES = YES;
				CLANG_WARN_SUSPICIOUS_MOVE = YES;
				CLANG_WARN_UNGUARDED_AVAILABILITY = YES_AGGRESSIVE;
				CLANG_WARN_UNREACHABLE_CODE = YES;
				CLANG_WARN__DUPLICATE_METHOD_MATCH = YES;
				COPY_PHASE_STRIP = NO;
				DEBUG_INFORMATION_FORMAT = dwarf;
				ENABLE_STRICT_OBJC_MSGSEND = YES;
				ENABLE_TESTABILITY = YES;
				GCC_C_LANGUAGE_STANDARD = gnu11;
				GCC_DYNAMIC_NO_PIC = NO;
				GCC_NO_COMMON_BLOCKS = YES;
				GCC_OPTIMIZATION_LEVEL = 0;
				GCC_PREPROCESSOR_DEFINITIONS = (
					"DEBUG=1",
					"$(inherited)",
				);
				GCC_WARN_64_TO_32_BIT_CONVERSION = YES;
				GCC_WARN_ABOUT_RETURN_TYPE = YES_ERROR;
				GCC_WARN_UNDECLARED_SELECTOR = YES;
				GCC_WARN_UNINITIALIZED_AUTOS = YES_AGGRESSIVE;
				GCC_WARN_UNUSED_FUNCTION = YES;
				GCC_WARN_UNUSED_VARIABLE = YES;
				IPHONEOS_DEPLOYMENT_TARGET = 15.2;
				MTL_ENABLE_DEBUG_INFO = INCLUDE_SOURCE;
				MTL_FAST_MATH = YES;
				ONLY_ACTIVE_ARCH = YES;
				SDKROOT = iphoneos;
				SWIFT_ACTIVE_COMPILATION_CONDITIONS = DEBUG;
				SWIFT_OPTIMIZATION_LEVEL = "-Onone";
			};
			name = Debug;
		};
		EA5B2C9D278CAE1500BE1A9B /* Release */ = {
			isa = XCBuildConfiguration;
			buildSettings = {
				ALWAYS_SEARCH_USER_PATHS = NO;
				CLANG_ANALYZER_NONNULL = YES;
				CLANG_ANALYZER_NUMBER_OBJECT_CONVERSION = YES_AGGRESSIVE;
				CLANG_CXX_LANGUAGE_STANDARD = "gnu++17";
				CLANG_CXX_LIBRARY = "libc++";
				CLANG_ENABLE_MODULES = YES;
				CLANG_ENABLE_OBJC_ARC = YES;
				CLANG_ENABLE_OBJC_WEAK = YES;
				CLANG_WARN_BLOCK_CAPTURE_AUTORELEASING = YES;
				CLANG_WARN_BOOL_CONVERSION = YES;
				CLANG_WARN_COMMA = YES;
				CLANG_WARN_CONSTANT_CONVERSION = YES;
				CLANG_WARN_DEPRECATED_OBJC_IMPLEMENTATIONS = YES;
				CLANG_WARN_DIRECT_OBJC_ISA_USAGE = YES_ERROR;
				CLANG_WARN_DOCUMENTATION_COMMENTS = YES;
				CLANG_WARN_EMPTY_BODY = YES;
				CLANG_WARN_ENUM_CONVERSION = YES;
				CLANG_WARN_INFINITE_RECURSION = YES;
				CLANG_WARN_INT_CONVERSION = YES;
				CLANG_WARN_NON_LITERAL_NULL_CONVERSION = YES;
				CLANG_WARN_OBJC_IMPLICIT_RETAIN_SELF = YES;
				CLANG_WARN_OBJC_LITERAL_CONVERSION = YES;
				CLANG_WARN_OBJC_ROOT_CLASS = YES_ERROR;
				CLANG_WARN_QUOTED_INCLUDE_IN_FRAMEWORK_HEADER = YES;
				CLANG_WARN_RANGE_LOOP_ANALYSIS = YES;
				CLANG_WARN_STRICT_PROTOTYPES = YES;
				CLANG_WARN_SUSPICIOUS_MOVE = YES;
				CLANG_WARN_UNGUARDED_AVAILABILITY = YES_AGGRESSIVE;
				CLANG_WARN_UNREACHABLE_CODE = YES;
				CLANG_WARN__DUPLICATE_METHOD_MATCH = YES;
				COPY_PHASE_STRIP = NO;
				DEBUG_INFORMATION_FORMAT = "dwarf-with-dsym";
				ENABLE_NS_ASSERTIONS = NO;
				ENABLE_STRICT_OBJC_MSGSEND = YES;
				GCC_C_LANGUAGE_STANDARD = gnu11;
				GCC_NO_COMMON_BLOCKS = YES;
				GCC_WARN_64_TO_32_BIT_CONVERSION = YES;
				GCC_WARN_ABOUT_RETURN_TYPE = YES_ERROR;
				GCC_WARN_UNDECLARED_SELECTOR = YES;
				GCC_WARN_UNINITIALIZED_AUTOS = YES_AGGRESSIVE;
				GCC_WARN_UNUSED_FUNCTION = YES;
				GCC_WARN_UNUSED_VARIABLE = YES;
				IPHONEOS_DEPLOYMENT_TARGET = 15.2;
				MTL_ENABLE_DEBUG_INFO = NO;
				MTL_FAST_MATH = YES;
				SDKROOT = iphoneos;
				SWIFT_COMPILATION_MODE = wholemodule;
				SWIFT_OPTIMIZATION_LEVEL = "-O";
				VALIDATE_PRODUCT = YES;
			};
			name = Release;
		};
		EA5B2C9F278CAE1500BE1A9B /* Debug */ = {
			isa = XCBuildConfiguration;
			buildSettings = {
				ASSETCATALOG_COMPILER_APPICON_NAME = AppIcon;
				ASSETCATALOG_COMPILER_GLOBAL_ACCENT_COLOR_NAME = AccentColor;
				CODE_SIGN_STYLE = Automatic;
				CURRENT_PROJECT_VERSION = 1;
				DEVELOPMENT_TEAM = BKLJC7KW7Y;
				GENERATE_INFOPLIST_FILE = YES;
				INFOPLIST_FILE = "Practica 1/Info.plist";
				INFOPLIST_KEY_UIApplicationSupportsIndirectInputEvents = YES;
				INFOPLIST_KEY_UILaunchStoryboardName = LaunchScreen;
				INFOPLIST_KEY_UIMainStoryboardFile = Main;
				INFOPLIST_KEY_UISupportedInterfaceOrientations_iPad = "UIInterfaceOrientationPortrait UIInterfaceOrientationPortraitUpsideDown UIInterfaceOrientationLandscapeLeft UIInterfaceOrientationLandscapeRight";
				INFOPLIST_KEY_UISupportedInterfaceOrientations_iPhone = "UIInterfaceOrientationPortrait UIInterfaceOrientationLandscapeLeft UIInterfaceOrientationLandscapeRight";
				LD_RUNPATH_SEARCH_PATHS = (
					"$(inherited)",
					"@executable_path/Frameworks",
				);
				MARKETING_VERSION = 1.0;
				PRODUCT_BUNDLE_IDENTIFIER = "lmanzano.Practica-1";
				PRODUCT_NAME = "$(TARGET_NAME)";
				SWIFT_EMIT_LOC_STRINGS = YES;
				SWIFT_VERSION = 5.0;
				TARGETED_DEVICE_FAMILY = "1,2";
			};
			name = Debug;
		};
		EA5B2CA0278CAE1500BE1A9B /* Release */ = {
			isa = XCBuildConfiguration;
			buildSettings = {
				ASSETCATALOG_COMPILER_APPICON_NAME = AppIcon;
				ASSETCATALOG_COMPILER_GLOBAL_ACCENT_COLOR_NAME = AccentColor;
				CODE_SIGN_STYLE = Automatic;
				CURRENT_PROJECT_VERSION = 1;
				DEVELOPMENT_TEAM = BKLJC7KW7Y;
				GENERATE_INFOPLIST_FILE = YES;
				INFOPLIST_FILE = "Practica 1/Info.plist";
				INFOPLIST_KEY_UIApplicationSupportsIndirectInputEvents = YES;
				INFOPLIST_KEY_UILaunchStoryboardName = LaunchScreen;
				INFOPLIST_KEY_UIMainStoryboardFile = Main;
				INFOPLIST_KEY_UISupportedInterfaceOrientations_iPad = "UIInterfaceOrientationPortrait UIInterfaceOrientationPortraitUpsideDown UIInterfaceOrientationLandscapeLeft UIInterfaceOrientationLandscapeRight";
				INFOPLIST_KEY_UISupportedInterfaceOrientations_iPhone = "UIInterfaceOrientationPortrait UIInterfaceOrientationLandscapeLeft UIInterfaceOrientationLandscapeRight";
				LD_RUNPATH_SEARCH_PATHS = (
					"$(inherited)",
					"@executable_path/Frameworks",
				);
				MARKETING_VERSION = 1.0;
				PRODUCT_BUNDLE_IDENTIFIER = "lmanzano.Practica-1";
				PRODUCT_NAME = "$(TARGET_NAME)";
				SWIFT_EMIT_LOC_STRINGS = YES;
				SWIFT_VERSION = 5.0;
				TARGETED_DEVICE_FAMILY = "1,2";
			};
			name = Release;
		};
/* End XCBuildConfiguration section */

/* Begin XCConfigurationList section */
		EA5B2C85278CAE1300BE1A9B /* Build configuration list for PBXProject "Practica 1" */ = {
			isa = XCConfigurationList;
			buildConfigurations = (
				EA5B2C9C278CAE1500BE1A9B /* Debug */,
				EA5B2C9D278CAE1500BE1A9B /* Release */,
			);
			defaultConfigurationIsVisible = 0;
			defaultConfigurationName = Release;
		};
		EA5B2C9E278CAE1500BE1A9B /* Build configuration list for PBXNativeTarget "Practica 1" */ = {
			isa = XCConfigurationList;
			buildConfigurations = (
				EA5B2C9F278CAE1500BE1A9B /* Debug */,
				EA5B2CA0278CAE1500BE1A9B /* Release */,
			);
			defaultConfigurationIsVisible = 0;
			defaultConfigurationName = Release;
		};
/* End XCConfigurationList section */
	};
	rootObject = EA5B2C82278CAE1300BE1A9B /* Project object */;
}
